// !$*UTF8*$!
{
	archiveVersion = 1;
	classes = {
	};
	objectVersion = 56;
	objects = {

/* Begin PBXBuildFile section */
		EAA3909B291E091600F033AB /* TheChatApp.swift in Sources */ = {isa = PBXBuildFile; fileRef = EAA3909A291E091600F033AB /* TheChatApp.swift */; };
		EAA3909D291E091600F033AB /* ContentView.swift in Sources */ = {isa = PBXBuildFile; fileRef = EAA3909C291E091600F033AB /* ContentView.swift */; };
		EAA3909F291E091700F033AB /* Assets.xcassets in Resources */ = {isa = PBXBuildFile; fileRef = EAA3909E291E091700F033AB /* Assets.xcassets */; };
		EAA390A2291E091700F033AB /* Preview Assets.xcassets in Resources */ = {isa = PBXBuildFile; fileRef = EAA390A1291E091700F033AB /* Preview Assets.xcassets */; };
		EAA390AB291E0A4D00F033AB /* ComposableArchitecture in Frameworks */ = {isa = PBXBuildFile; productRef = EAA390AA291E0A4D00F033AB /* ComposableArchitecture */; };
		EAA390AD291E0A5C00F033AB /* Application.swift in Sources */ = {isa = PBXBuildFile; fileRef = EAA390AC291E0A5C00F033AB /* Application.swift */; };
		EAA390AF291E0AB900F033AB /* ApplicationView.swift in Sources */ = {isa = PBXBuildFile; fileRef = EAA390AE291E0AB900F033AB /* ApplicationView.swift */; };
		EAA390B1291E0B4C00F033AB /* Message.swift in Sources */ = {isa = PBXBuildFile; fileRef = EAA390B0291E0B4C00F033AB /* Message.swift */; };
		EAA390B5291E0D1000F033AB /* MessageView.swift in Sources */ = {isa = PBXBuildFile; fileRef = EAA390B4291E0D1000F033AB /* MessageView.swift */; };
		EAA390B8291E119800F033AB /* Dependencies in Frameworks */ = {isa = PBXBuildFile; productRef = EAA390B7291E119800F033AB /* Dependencies */; };
/* End PBXBuildFile section */

/* Begin PBXFileReference section */
		EAA39097291E091600F033AB /* TheChat.app */ = {isa = PBXFileReference; explicitFileType = wrapper.application; includeInIndex = 0; path = TheChat.app; sourceTree = BUILT_PRODUCTS_DIR; };
		EAA3909A291E091600F033AB /* TheChatApp.swift */ = {isa = PBXFileReference; lastKnownFileType = sourcecode.swift; path = TheChatApp.swift; sourceTree = "<group>"; };
		EAA3909C291E091600F033AB /* ContentView.swift */ = {isa = PBXFileReference; lastKnownFileType = sourcecode.swift; path = ContentView.swift; sourceTree = "<group>"; };
		EAA3909E291E091700F033AB /* Assets.xcassets */ = {isa = PBXFileReference; lastKnownFileType = folder.assetcatalog; path = Assets.xcassets; sourceTree = "<group>"; };
		EAA390A1291E091700F033AB /* Preview Assets.xcassets */ = {isa = PBXFileReference; lastKnownFileType = folder.assetcatalog; path = "Preview Assets.xcassets"; sourceTree = "<group>"; };
		EAA390A3291E091700F033AB /* TheChat.entitlements */ = {isa = PBXFileReference; lastKnownFileType = text.plist.entitlements; path = TheChat.entitlements; sourceTree = "<group>"; };
		EAA390AC291E0A5C00F033AB /* Application.swift */ = {isa = PBXFileReference; lastKnownFileType = sourcecode.swift; path = Application.swift; sourceTree = "<group>"; };
		EAA390AE291E0AB900F033AB /* ApplicationView.swift */ = {isa = PBXFileReference; lastKnownFileType = sourcecode.swift; path = ApplicationView.swift; sourceTree = "<group>"; };
		EAA390B0291E0B4C00F033AB /* Message.swift */ = {isa = PBXFileReference; lastKnownFileType = sourcecode.swift; path = Message.swift; sourceTree = "<group>"; };
		EAA390B4291E0D1000F033AB /* MessageView.swift */ = {isa = PBXFileReference; lastKnownFileType = sourcecode.swift; path = MessageView.swift; sourceTree = "<group>"; };
/* End PBXFileReference section */

/* Begin PBXFrameworksBuildPhase section */
		EAA39094291E091600F033AB /* Frameworks */ = {
			isa = PBXFrameworksBuildPhase;
			buildActionMask = 2147483647;
			files = (
				EAA390AB291E0A4D00F033AB /* ComposableArchitecture in Frameworks */,
				EAA390B8291E119800F033AB /* Dependencies in Frameworks */,
			);
			runOnlyForDeploymentPostprocessing = 0;
		};
/* End PBXFrameworksBuildPhase section */

/* Begin PBXGroup section */
		EAA3908E291E091600F033AB = {
			isa = PBXGroup;
			children = (
				EAA39099291E091600F033AB /* TheChat */,
				EAA39098291E091600F033AB /* Products */,
				EAA390B6291E119800F033AB /* Frameworks */,
			);
			sourceTree = "<group>";
		};
		EAA39098291E091600F033AB /* Products */ = {
			isa = PBXGroup;
			children = (
				EAA39097291E091600F033AB /* TheChat.app */,
			);
			name = Products;
			sourceTree = "<group>";
		};
		EAA39099291E091600F033AB /* TheChat */ = {
			isa = PBXGroup;
			children = (
				EAA390B3291E0D0100F033AB /* MessageFeature */,
				EAA390B2291E0CF100F033AB /* ApplicationFeature */,
				EAA3909E291E091700F033AB /* Assets.xcassets */,
				EAA3909C291E091600F033AB /* ContentView.swift */,
				EAA390A0291E091700F033AB /* Preview Content */,
				EAA390A3291E091700F033AB /* TheChat.entitlements */,
				EAA3909A291E091600F033AB /* TheChatApp.swift */,
			);
			path = TheChat;
			sourceTree = "<group>";
		};
		EAA390A0291E091700F033AB /* Preview Content */ = {
			isa = PBXGroup;
			children = (
				EAA390A1291E091700F033AB /* Preview Assets.xcassets */,
			);
			path = "Preview Content";
			sourceTree = "<group>";
		};
		EAA390B2291E0CF100F033AB /* ApplicationFeature */ = {
			isa = PBXGroup;
			children = (
				EAA390AC291E0A5C00F033AB /* Application.swift */,
				EAA390AE291E0AB900F033AB /* ApplicationView.swift */,
			);
			path = ApplicationFeature;
			sourceTree = "<group>";
		};
		EAA390B3291E0D0100F033AB /* MessageFeature */ = {
			isa = PBXGroup;
			children = (
				EAA390B0291E0B4C00F033AB /* Message.swift */,
				EAA390B4291E0D1000F033AB /* MessageView.swift */,
			);
			path = MessageFeature;
			sourceTree = "<group>";
		};
		EAA390B6291E119800F033AB /* Frameworks */ = {
			isa = PBXGroup;
			children = (
			);
			name = Frameworks;
			sourceTree = "<group>";
		};
/* End PBXGroup section */

/* Begin PBXNativeTarget section */
		EAA39096291E091600F033AB /* TheChat */ = {
			isa = PBXNativeTarget;
			buildConfigurationList = EAA390A6291E091700F033AB /* Build configuration list for PBXNativeTarget "TheChat" */;
			buildPhases = (
				EAA39093291E091600F033AB /* Sources */,
				EAA39094291E091600F033AB /* Frameworks */,
				EAA39095291E091600F033AB /* Resources */,
			);
			buildRules = (
			);
			dependencies = (
			);
			name = TheChat;
			packageProductDependencies = (
				EAA390AA291E0A4D00F033AB /* ComposableArchitecture */,
				EAA390B7291E119800F033AB /* Dependencies */,
			);
			productName = TheChat;
			productReference = EAA39097291E091600F033AB /* TheChat.app */;
			productType = "com.apple.product-type.application";
		};
/* End PBXNativeTarget section */

/* Begin PBXProject section */
		EAA3908F291E091600F033AB /* Project object */ = {
			isa = PBXProject;
			attributes = {
				BuildIndependentTargetsInParallel = 1;
				LastSwiftUpdateCheck = 1410;
				LastUpgradeCheck = 1410;
				TargetAttributes = {
					EAA39096291E091600F033AB = {
						CreatedOnToolsVersion = 14.1;
					};
				};
			};
			buildConfigurationList = EAA39092291E091600F033AB /* Build configuration list for PBXProject "TheChat" */;
			compatibilityVersion = "Xcode 14.0";
			developmentRegion = en;
			hasScannedForEncodings = 0;
			knownRegions = (
				en,
				Base,
			);
			mainGroup = EAA3908E291E091600F033AB;
			packageReferences = (
				EAA390A9291E0A4D00F033AB /* XCRemoteSwiftPackageReference "swift-composable-architecture" */,
			);
			productRefGroup = EAA39098291E091600F033AB /* Products */;
			projectDirPath = "";
			projectRoot = "";
			targets = (
				EAA39096291E091600F033AB /* TheChat */,
			);
		};
/* End PBXProject section */

/* Begin PBXResourcesBuildPhase section */
		EAA39095291E091600F033AB /* Resources */ = {
			isa = PBXResourcesBuildPhase;
			buildActionMask = 2147483647;
			files = (
				EAA390A2291E091700F033AB /* Preview Assets.xcassets in Resources */,
				EAA3909F291E091700F033AB /* Assets.xcassets in Resources */,
			);
			runOnlyForDeploymentPostprocessing = 0;
		};
/* End PBXResourcesBuildPhase section */

/* Begin PBXSourcesBuildPhase section */
		EAA39093291E091600F033AB /* Sources */ = {
			isa = PBXSourcesBuildPhase;
			buildActionMask = 2147483647;
			files = (
				EAA390B5291E0D1000F033AB /* MessageView.swift in Sources */,
				EAA390B1291E0B4C00F033AB /* Message.swift in Sources */,
				EAA390AD291E0A5C00F033AB /* Application.swift in Sources */,
				EAA3909D291E091600F033AB /* ContentView.swift in Sources */,
				EAA3909B291E091600F033AB /* TheChatApp.swift in Sources */,
				EAA390AF291E0AB900F033AB /* ApplicationView.swift in Sources */,
			);
			runOnlyForDeploymentPostprocessing = 0;
		};
/* End PBXSourcesBuildPhase section */

/* Begin XCBuildConfiguration section */
		EAA390A4291E091700F033AB /* Debug */ = {
			isa = XCBuildConfiguration;
			buildSettings = {
				ALWAYS_SEARCH_USER_PATHS = NO;
				CLANG_ANALYZER_NONNULL = YES;
				CLANG_ANALYZER_NUMBER_OBJECT_CONVERSION = YES_AGGRESSIVE;
				CLANG_CXX_LANGUAGE_STANDARD = "gnu++20";
				CLANG_ENABLE_MODULES = YES;
				CLANG_ENABLE_OBJC_ARC = YES;
				CLANG_ENABLE_OBJC_WEAK = YES;
				CLANG_WARN_BLOCK_CAPTURE_AUTORELEASING = YES;
				CLANG_WARN_BOOL_CONVERSION = YES;
				CLANG_WARN_COMMA = YES;
				CLANG_WARN_CONSTANT_CONVERSION = YES;
				CLANG_WARN_DEPRECATED_OBJC_IMPLEMENTATIONS = YES;
				CLANG_WARN_DIRECT_OBJC_ISA_USAGE = YES_ERROR;
				CLANG_WARN_DOCUMENTATION_COMMENTS = YES;
				CLANG_WARN_EMPTY_BODY = YES;
				CLANG_WARN_ENUM_CONVERSION = YES;
				CLANG_WARN_INFINITE_RECURSION = YES;
				CLANG_WARN_INT_CONVERSION = YES;
				CLANG_WARN_NON_LITERAL_NULL_CONVERSION = YES;
				CLANG_WARN_OBJC_IMPLICIT_RETAIN_SELF = YES;
				CLANG_WARN_OBJC_LITERAL_CONVERSION = YES;
				CLANG_WARN_OBJC_ROOT_CLASS = YES_ERROR;
				CLANG_WARN_QUOTED_INCLUDE_IN_FRAMEWORK_HEADER = YES;
				CLANG_WARN_RANGE_LOOP_ANALYSIS = YES;
				CLANG_WARN_STRICT_PROTOTYPES = YES;
				CLANG_WARN_SUSPICIOUS_MOVE = YES;
				CLANG_WARN_UNGUARDED_AVAILABILITY = YES_AGGRESSIVE;
				CLANG_WARN_UNREACHABLE_CODE = YES;
				CLANG_WARN__DUPLICATE_METHOD_MATCH = YES;
				COPY_PHASE_STRIP = NO;
				DEBUG_INFORMATION_FORMAT = dwarf;
				ENABLE_STRICT_OBJC_MSGSEND = YES;
				ENABLE_TESTABILITY = YES;
				GCC_C_LANGUAGE_STANDARD = gnu11;
				GCC_DYNAMIC_NO_PIC = NO;
				GCC_NO_COMMON_BLOCKS = YES;
				GCC_OPTIMIZATION_LEVEL = 0;
				GCC_PREPROCESSOR_DEFINITIONS = (
					"DEBUG=1",
					"$(inherited)",
				);
				GCC_WARN_64_TO_32_BIT_CONVERSION = YES;
				GCC_WARN_ABOUT_RETURN_TYPE = YES_ERROR;
				GCC_WARN_UNDECLARED_SELECTOR = YES;
				GCC_WARN_UNINITIALIZED_AUTOS = YES_AGGRESSIVE;
				GCC_WARN_UNUSED_FUNCTION = YES;
				GCC_WARN_UNUSED_VARIABLE = YES;
				MACOSX_DEPLOYMENT_TARGET = 12.6;
				MTL_ENABLE_DEBUG_INFO = INCLUDE_SOURCE;
				MTL_FAST_MATH = YES;
				ONLY_ACTIVE_ARCH = YES;
				SDKROOT = macosx;
				SWIFT_ACTIVE_COMPILATION_CONDITIONS = DEBUG;
				SWIFT_OPTIMIZATION_LEVEL = "-Onone";
			};
			name = Debug;
		};
		EAA390A5291E091700F033AB /* Release */ = {
			isa = XCBuildConfiguration;
			buildSettings = {
				ALWAYS_SEARCH_USER_PATHS = NO;
				CLANG_ANALYZER_NONNULL = YES;
				CLANG_ANALYZER_NUMBER_OBJECT_CONVERSION = YES_AGGRESSIVE;
				CLANG_CXX_LANGUAGE_STANDARD = "gnu++20";
				CLANG_ENABLE_MODULES = YES;
				CLANG_ENABLE_OBJC_ARC = YES;
				CLANG_ENABLE_OBJC_WEAK = YES;
				CLANG_WARN_BLOCK_CAPTURE_AUTORELEASING = YES;
				CLANG_WARN_BOOL_CONVERSION = YES;
				CLANG_WARN_COMMA = YES;
				CLANG_WARN_CONSTANT_CONVERSION = YES;
				CLANG_WARN_DEPRECATED_OBJC_IMPLEMENTATIONS = YES;
				CLANG_WARN_DIRECT_OBJC_ISA_USAGE = YES_ERROR;
				CLANG_WARN_DOCUMENTATION_COMMENTS = YES;
				CLANG_WARN_EMPTY_BODY = YES;
				CLANG_WARN_ENUM_CONVERSION = YES;
				CLANG_WARN_INFINITE_RECURSION = YES;
				CLANG_WARN_INT_CONVERSION = YES;
				CLANG_WARN_NON_LITERAL_NULL_CONVERSION = YES;
				CLANG_WARN_OBJC_IMPLICIT_RETAIN_SELF = YES;
				CLANG_WARN_OBJC_LITERAL_CONVERSION = YES;
				CLANG_WARN_OBJC_ROOT_CLASS = YES_ERROR;
				CLANG_WARN_QUOTED_INCLUDE_IN_FRAMEWORK_HEADER = YES;
				CLANG_WARN_RANGE_LOOP_ANALYSIS = YES;
				CLANG_WARN_STRICT_PROTOTYPES = YES;
				CLANG_WARN_SUSPICIOUS_MOVE = YES;
				CLANG_WARN_UNGUARDED_AVAILABILITY = YES_AGGRESSIVE;
				CLANG_WARN_UNREACHABLE_CODE = YES;
				CLANG_WARN__DUPLICATE_METHOD_MATCH = YES;
				COPY_PHASE_STRIP = NO;
				DEBUG_INFORMATION_FORMAT = "dwarf-with-dsym";
				ENABLE_NS_ASSERTIONS = NO;
				ENABLE_STRICT_OBJC_MSGSEND = YES;
				GCC_C_LANGUAGE_STANDARD = gnu11;
				GCC_NO_COMMON_BLOCKS = YES;
				GCC_WARN_64_TO_32_BIT_CONVERSION = YES;
				GCC_WARN_ABOUT_RETURN_TYPE = YES_ERROR;
				GCC_WARN_UNDECLARED_SELECTOR = YES;
				GCC_WARN_UNINITIALIZED_AUTOS = YES_AGGRESSIVE;
				GCC_WARN_UNUSED_FUNCTION = YES;
				GCC_WARN_UNUSED_VARIABLE = YES;
				MACOSX_DEPLOYMENT_TARGET = 12.6;
				MTL_ENABLE_DEBUG_INFO = NO;
				MTL_FAST_MATH = YES;
				SDKROOT = macosx;
				SWIFT_COMPILATION_MODE = wholemodule;
				SWIFT_OPTIMIZATION_LEVEL = "-O";
			};
			name = Release;
		};
		EAA390A7291E091700F033AB /* Debug */ = {
			isa = XCBuildConfiguration;
			buildSettings = {
				ASSETCATALOG_COMPILER_APPICON_NAME = AppIcon;
				ASSETCATALOG_COMPILER_GLOBAL_ACCENT_COLOR_NAME = AccentColor;
				CODE_SIGN_ENTITLEMENTS = TheChat/TheChat.entitlements;
				CODE_SIGN_STYLE = Automatic;
				COMBINE_HIDPI_IMAGES = YES;
				CURRENT_PROJECT_VERSION = 1;
				DEVELOPMENT_ASSET_PATHS = "\"TheChat/Preview Content\"";
				DEVELOPMENT_TEAM = 5T8DRBFCBP;
				ENABLE_HARDENED_RUNTIME = YES;
				ENABLE_PREVIEWS = YES;
				GENERATE_INFOPLIST_FILE = YES;
				INFOPLIST_KEY_NSHumanReadableCopyright = "";
				LD_RUNPATH_SEARCH_PATHS = (
					"$(inherited)",
					"@executable_path/../Frameworks",
				);
				MARKETING_VERSION = 1.0;
				PRODUCT_BUNDLE_IDENTIFIER = com.coodly.TheChat;
				PRODUCT_NAME = "$(TARGET_NAME)";
				SWIFT_EMIT_LOC_STRINGS = YES;
				SWIFT_VERSION = 5.0;
			};
			name = Debug;
		};
		EAA390A8291E091700F033AB /* Release */ = {
			isa = XCBuildConfiguration;
			buildSettings = {
				ASSETCATALOG_COMPILER_APPICON_NAME = AppIcon;
				ASSETCATALOG_COMPILER_GLOBAL_ACCENT_COLOR_NAME = AccentColor;
				CODE_SIGN_ENTITLEMENTS = TheChat/TheChat.entitlements;
				CODE_SIGN_STYLE = Automatic;
				COMBINE_HIDPI_IMAGES = YES;
				CURRENT_PROJECT_VERSION = 1;
				DEVELOPMENT_ASSET_PATHS = "\"TheChat/Preview Content\"";
				DEVELOPMENT_TEAM = 5T8DRBFCBP;
				ENABLE_HARDENED_RUNTIME = YES;
				ENABLE_PREVIEWS = YES;
				GENERATE_INFOPLIST_FILE = YES;
				INFOPLIST_KEY_NSHumanReadableCopyright = "";
				LD_RUNPATH_SEARCH_PATHS = (
					"$(inherited)",
					"@executable_path/../Frameworks",
				);
				MARKETING_VERSION = 1.0;
				PRODUCT_BUNDLE_IDENTIFIER = com.coodly.TheChat;
				PRODUCT_NAME = "$(TARGET_NAME)";
				SWIFT_EMIT_LOC_STRINGS = YES;
				SWIFT_VERSION = 5.0;
			};
			name = Release;
		};
/* End XCBuildConfiguration section */

/* Begin XCConfigurationList section */
		EAA39092291E091600F033AB /* Build configuration list for PBXProject "TheChat" */ = {
			isa = XCConfigurationList;
			buildConfigurations = (
				EAA390A4291E091700F033AB /* Debug */,
				EAA390A5291E091700F033AB /* Release */,
			);
			defaultConfigurationIsVisible = 0;
			defaultConfigurationName = Release;
		};
		EAA390A6291E091700F033AB /* Build configuration list for PBXNativeTarget "TheChat" */ = {
			isa = XCConfigurationList;
			buildConfigurations = (
				EAA390A7291E091700F033AB /* Debug */,
				EAA390A8291E091700F033AB /* Release */,
			);
			defaultConfigurationIsVisible = 0;
			defaultConfigurationName = Release;
		};
/* End XCConfigurationList section */

/* Begin XCRemoteSwiftPackageReference section */
		EAA390A9291E0A4D00F033AB /* XCRemoteSwiftPackageReference "swift-composable-architecture" */ = {
			isa = XCRemoteSwiftPackageReference;
			repositoryURL = "https://github.com/pointfreeco/swift-composable-architecture.git";
			requirement = {
				kind = exactVersion;
				version = 0.45.0;
			};
		};
/* End XCRemoteSwiftPackageReference section */

/* Begin XCSwiftPackageProductDependency section */
		EAA390AA291E0A4D00F033AB /* ComposableArchitecture */ = {
			isa = XCSwiftPackageProductDependency;
			package = EAA390A9291E0A4D00F033AB /* XCRemoteSwiftPackageReference "swift-composable-architecture" */;
			productName = ComposableArchitecture;
		};
		EAA390B7291E119800F033AB /* Dependencies */ = {
			isa = XCSwiftPackageProductDependency;
			package = EAA390A9291E0A4D00F033AB /* XCRemoteSwiftPackageReference "swift-composable-architecture" */;
			productName = Dependencies;
		};
/* End XCSwiftPackageProductDependency section */
	};
	rootObject = EAA3908F291E091600F033AB /* Project object */;
}
